{
  "name": "xiaotao-ai-workflow",
  "version": "0.2.0",
  "lockfileVersion": 3,
  "requires": true,
  "packages": {
    "": {
      "name": "xiaotao-ai-workflow",
      "version": "0.2.0",
      "bin": {
        "xiaotao": "bin/xiaotao.js"
      },
      "engines": {
        "node": ">=20.19.0"
      }
    }
  }
}
